
Microsoft Visual Studio Solution File, Format Version 12.00
# Visual Studio Version 16
VisualStudioVersion = 16.0.31229.75
MinimumVisualStudioVersion = 10.0.40219.1
Project("{8BC9CEB8-8B4A-11D0-8D11-00A0C91BC942}") = "USB4716AIEQUALAO", "USB4716AIEQUALAO\USB4716AIEQUALAO.vcxproj", "{C9CA9AA6-4394-4348-BFC9-5E552C52D588}"
EndProject
Global
	GlobalSection(SolutionConfigurationPlatforms) = preSolution
		Debug|x64 = Debug|x64
		Debug|x86 = Debug|x86
		Release|x64 = Release|x64
		Release|x86 = Release|x86
	EndGlobalSection
	GlobalSection(ProjectConfigurationPlatforms) = postSolution
		{C9CA9AA6-4394-4348-BFC9-5E552C52D588}.Debug|x64.ActiveCfg = Debug|x64
		{C9CA9AA6-4394-4348-BFC9-5E552C52D588}.Debug|x64.Build.0 = Debug|x64
		{C9CA9AA6-4394-4348-BFC9-5E552C52D588}.Debug|x86.ActiveCfg = Debug|Win32
		{C9CA9AA6-4394-4348-BFC9-5E552C52D588}.Debug|x86.Build.0 = Debug|Win32
		{C9CA9AA6-4394-4348-BFC9-5E552C52D588}.Release|x64.ActiveCfg = Release|x64
		{C9CA9AA6-4394-4348-BFC9-5E552C52D588}.Release|x64.Build.0 = Release|x64
		{C9CA9AA6-4394-4348-BFC9-5E552C52D588}.Release|x86.ActiveCfg = Release|Win32
		{C9CA9AA6-4394-4348-BFC9-5E552C52D588}.Release|x86.Build.0 = Release|Win32
	EndGlobalSection
	GlobalSection(SolutionProperties) = preSolution
		HideSolutionNode = FALSE
	EndGlobalSection
	GlobalSection(ExtensibilityGlobals) = postSolution
		SolutionGuid = {2E595ABD-64A2-4C09-96D1-55AEC9574DEE}
	EndGlobalSection
EndGlobal
